
Microsoft Visual Studio Solution File, Format Version 12.00
# Visual Studio 15
VisualStudioVersion = 15.0.28307.572
MinimumVisualStudioVersion = 10.0.40219.1
Project("{FAE04EC0-301F-11D3-BF4B-00C04F79EFBC}") = "StudentViewer", "StudentViewer\StudentViewer.csproj", "{241BE8AA-1C0F-4294-9A88-7CA3EAD88B8B}"
EndProject
Global
	GlobalSection(SolutionConfigurationPlatforms) = preSolution
		Debug|Any CPU = Debug|Any CPU
		Release|Any CPU = Release|Any CPU
	EndGlobalSection
	GlobalSection(ProjectConfigurationPlatforms) = postSolution
		{241BE8AA-1C0F-4294-9A88-7CA3EAD88B8B}.Debug|Any CPU.ActiveCfg = Debug|Any CPU
		{241BE8AA-1C0F-4294-9A88-7CA3EAD88B8B}.Debug|Any CPU.Build.0 = Debug|Any CPU
		{241BE8AA-1C0F-4294-9A88-7CA3EAD88B8B}.Release|Any CPU.ActiveCfg = Release|Any CPU
		{241BE8AA-1C0F-4294-9A88-7CA3EAD88B8B}.Release|Any CPU.Build.0 = Release|Any CPU
	EndGlobalSection
	GlobalSection(SolutionProperties) = preSolution
		HideSolutionNode = FALSE
	EndGlobalSection
	GlobalSection(ExtensibilityGlobals) = postSolution
		SolutionGuid = {52739EB8-82D1-4C7D-BE01-D614CC89C42C}
	EndGlobalSection
EndGlobal
